// !$*UTF8*$!
{
	archiveVersion = 1;
	classes = {
	};
	objectVersion = 51;
	objects = {

/* Begin PBXBuildFile section */
		6612EC0692B698D65FDFBBEB /* Pods_Reciplease.framework in Frameworks */ = {isa = PBXBuildFile; fileRef = 03592B349DE1D729505BEEAD /* Pods_Reciplease.framework */; };
		C13A4A4923D0D0F000A5F82B /* CustomCell.swift in Sources */ = {isa = PBXBuildFile; fileRef = C13A4A4723D0D0F000A5F82B /* CustomCell.swift */; };
		C13A4A4A23D0D0F000A5F82B /* CustomCell.xib in Resources */ = {isa = PBXBuildFile; fileRef = C13A4A4823D0D0F000A5F82B /* CustomCell.xib */; };
		C14DA62423DF203800AD6D35 /* Constants.swift in Sources */ = {isa = PBXBuildFile; fileRef = C14DA62323DF203800AD6D35 /* Constants.swift */; };
		C17515F723A7F9050051AEDA /* AppDelegate.swift in Sources */ = {isa = PBXBuildFile; fileRef = C17515F623A7F9050051AEDA /* AppDelegate.swift */; };
		C17515F923A7F9050051AEDA /* SceneDelegate.swift in Sources */ = {isa = PBXBuildFile; fileRef = C17515F823A7F9050051AEDA /* SceneDelegate.swift */; };
		C17515FE23A7F9050051AEDA /* Main.storyboard in Resources */ = {isa = PBXBuildFile; fileRef = C17515FC23A7F9050051AEDA /* Main.storyboard */; };
		C175160023A7F9060051AEDA /* Assets.xcassets in Resources */ = {isa = PBXBuildFile; fileRef = C17515FF23A7F9060051AEDA /* Assets.xcassets */; };
		C175160323A7F9060051AEDA /* LaunchScreen.storyboard in Resources */ = {isa = PBXBuildFile; fileRef = C175160123A7F9060051AEDA /* LaunchScreen.storyboard */; };
		C1781D8C23A9629A00092D52 /* SearchScreenViewController.swift in Sources */ = {isa = PBXBuildFile; fileRef = C1781D8B23A9629A00092D52 /* SearchScreenViewController.swift */; };
		C1781D8E23AA97AD00092D52 /* RecipeRepository.swift in Sources */ = {isa = PBXBuildFile; fileRef = C1781D8D23AA97AD00092D52 /* RecipeRepository.swift */; };
		C1781D9A23AD305400092D52 /* RecipesListViewController.swift in Sources */ = {isa = PBXBuildFile; fileRef = C1781D9923AD305400092D52 /* RecipesListViewController.swift */; };
		C1BA408823E4771F00F27548 /* RecipeRepository.swift in Sources */ = {isa = PBXBuildFile; fileRef = C1BA408723E4771F00F27548 /* RecipeRepository.swift */; };
		C1BA408A23E4773700F27548 /* FavoriteRepository.swift in Sources */ = {isa = PBXBuildFile; fileRef = C1BA408923E4773700F27548 /* FavoriteRepository.swift */; };
		C1BA408C23E55B5F00F27548 /* Reciplease.xcdatamodeld in Sources */ = {isa = PBXBuildFile; fileRef = C1D7B42B23B67AF1003D0CF9 /* Reciplease.xcdatamodeld */; };
		C1D7B3F923B5F317003D0CF9 /* RecipeDetailViewController.swift in Sources */ = {isa = PBXBuildFile; fileRef = C1D7B3F823B5F317003D0CF9 /* RecipeDetailViewController.swift */; };
		C1D7B3FB23B617A5003D0CF9 /* RecipeDirectionsViewController.swift in Sources */ = {isa = PBXBuildFile; fileRef = C1D7B3FA23B617A5003D0CF9 /* RecipeDirectionsViewController.swift */; };
		C1D7B3FD23B64F07003D0CF9 /* FavoriteListViewController.swift in Sources */ = {isa = PBXBuildFile; fileRef = C1D7B3FC23B64F07003D0CF9 /* FavoriteListViewController.swift */; };
		C1D7B42A23B67497003D0CF9 /* FavoriteRepository.swift in Sources */ = {isa = PBXBuildFile; fileRef = C1D7B42923B67497003D0CF9 /* FavoriteRepository.swift */; };
		C1D7B42D23B67AF1003D0CF9 /* Reciplease.xcdatamodeld in Sources */ = {isa = PBXBuildFile; fileRef = C1D7B42B23B67AF1003D0CF9 /* Reciplease.xcdatamodeld */; };
/* End PBXBuildFile section */

/* Begin PBXContainerItemProxy section */
		C14DA62E23E039D700AD6D35 /* PBXContainerItemProxy */ = {
			isa = PBXContainerItemProxy;
			containerPortal = C17515EB23A7F9050051AEDA /* Project object */;
			proxyType = 1;
			remoteGlobalIDString = C17515F223A7F9050051AEDA;
			remoteInfo = Reciplease;
		};
/* End PBXContainerItemProxy section */

/* Begin PBXFileReference section */
		03592B349DE1D729505BEEAD /* Pods_Reciplease.framework */ = {isa = PBXFileReference; explicitFileType = wrapper.framework; includeInIndex = 0; path = Pods_Reciplease.framework; sourceTree = BUILT_PRODUCTS_DIR; };
		2AFC17F1E22684C159F62E0B /* Pods-Reciplease.release.xcconfig */ = {isa = PBXFileReference; includeInIndex = 1; lastKnownFileType = text.xcconfig; name = "Pods-Reciplease.release.xcconfig"; path = "Target Support Files/Pods-Reciplease/Pods-Reciplease.release.xcconfig"; sourceTree = "<group>"; };
		8704CE45E0A9F261B2639E06 /* Pods-Reciplease.debug.xcconfig */ = {isa = PBXFileReference; includeInIndex = 1; lastKnownFileType = text.xcconfig; name = "Pods-Reciplease.debug.xcconfig"; path = "Target Support Files/Pods-Reciplease/Pods-Reciplease.debug.xcconfig"; sourceTree = "<group>"; };
		C13A4A4723D0D0F000A5F82B /* CustomCell.swift */ = {isa = PBXFileReference; lastKnownFileType = sourcecode.swift; path = CustomCell.swift; sourceTree = "<group>"; };
		C13A4A4823D0D0F000A5F82B /* CustomCell.xib */ = {isa = PBXFileReference; lastKnownFileType = file.xib; path = CustomCell.xib; sourceTree = "<group>"; };
		C14DA62323DF203800AD6D35 /* Constants.swift */ = {isa = PBXFileReference; lastKnownFileType = sourcecode.swift; path = Constants.swift; sourceTree = "<group>"; };
		C14DA62923E039D600AD6D35 /* RecipleaseTests.xctest */ = {isa = PBXFileReference; explicitFileType = wrapper.cfbundle; includeInIndex = 0; path = RecipleaseTests.xctest; sourceTree = BUILT_PRODUCTS_DIR; };
		C14DA62D23E039D700AD6D35 /* Info.plist */ = {isa = PBXFileReference; lastKnownFileType = text.plist.xml; path = Info.plist; sourceTree = "<group>"; };
		C17515F323A7F9050051AEDA /* Reciplease.app */ = {isa = PBXFileReference; explicitFileType = wrapper.application; includeInIndex = 0; path = Reciplease.app; sourceTree = BUILT_PRODUCTS_DIR; };
		C17515F623A7F9050051AEDA /* AppDelegate.swift */ = {isa = PBXFileReference; lastKnownFileType = sourcecode.swift; path = AppDelegate.swift; sourceTree = "<group>"; };
		C17515F823A7F9050051AEDA /* SceneDelegate.swift */ = {isa = PBXFileReference; lastKnownFileType = sourcecode.swift; path = SceneDelegate.swift; sourceTree = "<group>"; };
		C17515FD23A7F9050051AEDA /* Base */ = {isa = PBXFileReference; lastKnownFileType = file.storyboard; name = Base; path = Base.lproj/Main.storyboard; sourceTree = "<group>"; };
		C17515FF23A7F9060051AEDA /* Assets.xcassets */ = {isa = PBXFileReference; lastKnownFileType = folder.assetcatalog; path = Assets.xcassets; sourceTree = "<group>"; };
		C175160223A7F9060051AEDA /* Base */ = {isa = PBXFileReference; lastKnownFileType = file.storyboard; name = Base; path = Base.lproj/LaunchScreen.storyboard; sourceTree = "<group>"; };
		C175160423A7F9060051AEDA /* Info.plist */ = {isa = PBXFileReference; lastKnownFileType = text.plist.xml; path = Info.plist; sourceTree = "<group>"; };
		C1781D8B23A9629A00092D52 /* SearchScreenViewController.swift */ = {isa = PBXFileReference; lastKnownFileType = sourcecode.swift; path = SearchScreenViewController.swift; sourceTree = "<group>"; };
		C1781D8D23AA97AD00092D52 /* RecipeRepository.swift */ = {isa = PBXFileReference; lastKnownFileType = sourcecode.swift; path = RecipeRepository.swift; sourceTree = "<group>"; };
		C1781D9923AD305400092D52 /* RecipesListViewController.swift */ = {isa = PBXFileReference; lastKnownFileType = sourcecode.swift; path = RecipesListViewController.swift; sourceTree = "<group>"; };
		C1BA408723E4771F00F27548 /* RecipeRepository.swift */ = {isa = PBXFileReference; lastKnownFileType = sourcecode.swift; path = RecipeRepository.swift; sourceTree = "<group>"; };
		C1BA408923E4773700F27548 /* FavoriteRepository.swift */ = {isa = PBXFileReference; lastKnownFileType = sourcecode.swift; path = FavoriteRepository.swift; sourceTree = "<group>"; };
		C1D7B3F823B5F317003D0CF9 /* RecipeDetailViewController.swift */ = {isa = PBXFileReference; lastKnownFileType = sourcecode.swift; path = RecipeDetailViewController.swift; sourceTree = "<group>"; };
		C1D7B3FA23B617A5003D0CF9 /* RecipeDirectionsViewController.swift */ = {isa = PBXFileReference; lastKnownFileType = sourcecode.swift; path = RecipeDirectionsViewController.swift; sourceTree = "<group>"; };
		C1D7B3FC23B64F07003D0CF9 /* FavoriteListViewController.swift */ = {isa = PBXFileReference; lastKnownFileType = sourcecode.swift; path = FavoriteListViewController.swift; sourceTree = "<group>"; };
		C1D7B42923B67497003D0CF9 /* FavoriteRepository.swift */ = {isa = PBXFileReference; lastKnownFileType = sourcecode.swift; path = FavoriteRepository.swift; sourceTree = "<group>"; };
		C1D7B42C23B67AF1003D0CF9 /* Reciplease.xcdatamodel */ = {isa = PBXFileReference; lastKnownFileType = wrapper.xcdatamodel; path = Reciplease.xcdatamodel; sourceTree = "<group>"; };
/* End PBXFileReference section */

/* Begin PBXFrameworksBuildPhase section */
		C14DA62623E039D600AD6D35 /* Frameworks */ = {
			isa = PBXFrameworksBuildPhase;
			buildActionMask = 2147483647;
			files = (
			);
			runOnlyForDeploymentPostprocessing = 0;
		};
		C17515F023A7F9050051AEDA /* Frameworks */ = {
			isa = PBXFrameworksBuildPhase;
			buildActionMask = 2147483647;
			files = (
				6612EC0692B698D65FDFBBEB /* Pods_Reciplease.framework in Frameworks */,
			);
			runOnlyForDeploymentPostprocessing = 0;
		};
/* End PBXFrameworksBuildPhase section */

/* Begin PBXGroup section */
		8160F05037203A5A8FFB9B12 /* Frameworks */ = {
			isa = PBXGroup;
			children = (
				03592B349DE1D729505BEEAD /* Pods_Reciplease.framework */,
			);
			name = Frameworks;
			sourceTree = "<group>";
		};
		BEB8956AA093BB54B295857F /* Pods */ = {
			isa = PBXGroup;
			children = (
				8704CE45E0A9F261B2639E06 /* Pods-Reciplease.debug.xcconfig */,
				2AFC17F1E22684C159F62E0B /* Pods-Reciplease.release.xcconfig */,
			);
			path = Pods;
			sourceTree = "<group>";
		};
		C14DA62A23E039D700AD6D35 /* RecipleaseTests */ = {
			isa = PBXGroup;
			children = (
				C1BA408723E4771F00F27548 /* RecipeRepository.swift */,
				C1BA408923E4773700F27548 /* FavoriteRepository.swift */,
				C14DA62D23E039D700AD6D35 /* Info.plist */,
			);
			path = RecipleaseTests;
			sourceTree = "<group>";
		};
		C17515EA23A7F9050051AEDA = {
			isa = PBXGroup;
			children = (
				C14DA62323DF203800AD6D35 /* Constants.swift */,
				C17515F523A7F9050051AEDA /* Reciplease */,
				C14DA62A23E039D700AD6D35 /* RecipleaseTests */,
				C17515F423A7F9050051AEDA /* Products */,
				BEB8956AA093BB54B295857F /* Pods */,
				8160F05037203A5A8FFB9B12 /* Frameworks */,
			);
			sourceTree = "<group>";
		};
		C17515F423A7F9050051AEDA /* Products */ = {
			isa = PBXGroup;
			children = (
				C17515F323A7F9050051AEDA /* Reciplease.app */,
				C14DA62923E039D600AD6D35 /* RecipleaseTests.xctest */,
			);
			name = Products;
			sourceTree = "<group>";
		};
		C17515F523A7F9050051AEDA /* Reciplease */ = {
			isa = PBXGroup;
			children = (
				C1781D8723A9413000092D52 /* Model */,
				C1781D8623A9412900092D52 /* View */,
				C1781D8523A9407100092D52 /* Controller */,
				C1781D8823A9417800092D52 /* Supporting Files */,
			);
			path = Reciplease;
			sourceTree = "<group>";
		};
		C1781D8523A9407100092D52 /* Controller */ = {
			isa = PBXGroup;
			children = (
				C1781D8B23A9629A00092D52 /* SearchScreenViewController.swift */,
				C1781D9923AD305400092D52 /* RecipesListViewController.swift */,
				C1D7B3F823B5F317003D0CF9 /* RecipeDetailViewController.swift */,
				C1D7B3FA23B617A5003D0CF9 /* RecipeDirectionsViewController.swift */,
				C1D7B3FC23B64F07003D0CF9 /* FavoriteListViewController.swift */,
			);
			path = Controller;
			sourceTree = "<group>";
		};
		C1781D8623A9412900092D52 /* View */ = {
			isa = PBXGroup;
			children = (
				C17515FC23A7F9050051AEDA /* Main.storyboard */,
				C175160123A7F9060051AEDA /* LaunchScreen.storyboard */,
				C17515FF23A7F9060051AEDA /* Assets.xcassets */,
				C13A4A4723D0D0F000A5F82B /* CustomCell.swift */,
				C13A4A4823D0D0F000A5F82B /* CustomCell.xib */,
			);
			path = View;
			sourceTree = "<group>";
		};
		C1781D8723A9413000092D52 /* Model */ = {
			isa = PBXGroup;
			children = (
				C1781D8D23AA97AD00092D52 /* RecipeRepository.swift */,
				C1D7B42923B67497003D0CF9 /* FavoriteRepository.swift */,
				C1D7B42B23B67AF1003D0CF9 /* Reciplease.xcdatamodeld */,
			);
			path = Model;
			sourceTree = "<group>";
		};
		C1781D8823A9417800092D52 /* Supporting Files */ = {
			isa = PBXGroup;
			children = (
				C17515F823A7F9050051AEDA /* SceneDelegate.swift */,
				C17515F623A7F9050051AEDA /* AppDelegate.swift */,
				C175160423A7F9060051AEDA /* Info.plist */,
			);
			path = "Supporting Files";
			sourceTree = "<group>";
		};
/* End PBXGroup section */

/* Begin PBXNativeTarget section */
		C14DA62823E039D600AD6D35 /* RecipleaseTests */ = {
			isa = PBXNativeTarget;
			buildConfigurationList = C14DA63223E039D700AD6D35 /* Build configuration list for PBXNativeTarget "RecipleaseTests" */;
			buildPhases = (
				C14DA62523E039D600AD6D35 /* Sources */,
				C14DA62623E039D600AD6D35 /* Frameworks */,
				C14DA62723E039D600AD6D35 /* Resources */,
			);
			buildRules = (
			);
			dependencies = (
				C14DA62F23E039D700AD6D35 /* PBXTargetDependency */,
			);
			name = RecipleaseTests;
			productName = RecipleaseTests;
			productReference = C14DA62923E039D600AD6D35 /* RecipleaseTests.xctest */;
			productType = "com.apple.product-type.bundle.unit-test";
		};
		C17515F223A7F9050051AEDA /* Reciplease */ = {
			isa = PBXNativeTarget;
			buildConfigurationList = C175160723A7F9060051AEDA /* Build configuration list for PBXNativeTarget "Reciplease" */;
			buildPhases = (
				C7F3CF2625AF016E33453B2C /* [CP] Check Pods Manifest.lock */,
				C17515EF23A7F9050051AEDA /* Sources */,
				C17515F023A7F9050051AEDA /* Frameworks */,
				C17515F123A7F9050051AEDA /* Resources */,
				63E882E83FC129398658541F /* [CP] Embed Pods Frameworks */,
			);
			buildRules = (
			);
			dependencies = (
			);
			name = Reciplease;
			productName = Reciplease;
			productReference = C17515F323A7F9050051AEDA /* Reciplease.app */;
			productType = "com.apple.product-type.application";
		};
/* End PBXNativeTarget section */

/* Begin PBXProject section */
		C17515EB23A7F9050051AEDA /* Project object */ = {
			isa = PBXProject;
			attributes = {
				LastSwiftUpdateCheck = 1130;
				LastUpgradeCheck = 1130;
				ORGANIZATIONNAME = dino;
				TargetAttributes = {
					C14DA62823E039D600AD6D35 = {
						CreatedOnToolsVersion = 11.3.1;
						LastSwiftMigration = 1130;
						TestTargetID = C17515F223A7F9050051AEDA;
					};
					C17515F223A7F9050051AEDA = {
						CreatedOnToolsVersion = 11.3;
					};
				};
			};
			buildConfigurationList = C17515EE23A7F9050051AEDA /* Build configuration list for PBXProject "Reciplease" */;
			compatibilityVersion = "Xcode 9.3";
			developmentRegion = en;
			hasScannedForEncodings = 0;
			knownRegions = (
				en,
				Base,
			);
			mainGroup = C17515EA23A7F9050051AEDA;
			productRefGroup = C17515F423A7F9050051AEDA /* Products */;
			projectDirPath = "";
			projectRoot = "";
			targets = (
				C17515F223A7F9050051AEDA /* Reciplease */,
				C14DA62823E039D600AD6D35 /* RecipleaseTests */,
			);
		};
/* End PBXProject section */

/* Begin PBXResourcesBuildPhase section */
		C14DA62723E039D600AD6D35 /* Resources */ = {
			isa = PBXResourcesBuildPhase;
			buildActionMask = 2147483647;
			files = (
			);
			runOnlyForDeploymentPostprocessing = 0;
		};
		C17515F123A7F9050051AEDA /* Resources */ = {
			isa = PBXResourcesBuildPhase;
			buildActionMask = 2147483647;
			files = (
				C13A4A4A23D0D0F000A5F82B /* CustomCell.xib in Resources */,
				C175160323A7F9060051AEDA /* LaunchScreen.storyboard in Resources */,
				C175160023A7F9060051AEDA /* Assets.xcassets in Resources */,
				C17515FE23A7F9050051AEDA /* Main.storyboard in Resources */,
			);
			runOnlyForDeploymentPostprocessing = 0;
		};
/* End PBXResourcesBuildPhase section */

/* Begin PBXShellScriptBuildPhase section */
		63E882E83FC129398658541F /* [CP] Embed Pods Frameworks */ = {
			isa = PBXShellScriptBuildPhase;
			buildActionMask = 2147483647;
			files = (
			);
			inputFileListPaths = (
				"${PODS_ROOT}/Target Support Files/Pods-Reciplease/Pods-Reciplease-frameworks-${CONFIGURATION}-input-files.xcfilelist",
			);
			name = "[CP] Embed Pods Frameworks";
			outputFileListPaths = (
				"${PODS_ROOT}/Target Support Files/Pods-Reciplease/Pods-Reciplease-frameworks-${CONFIGURATION}-output-files.xcfilelist",
			);
			runOnlyForDeploymentPostprocessing = 0;
			shellPath = /bin/sh;
			shellScript = "\"${PODS_ROOT}/Target Support Files/Pods-Reciplease/Pods-Reciplease-frameworks.sh\"\n";
			showEnvVarsInLog = 0;
		};
		C7F3CF2625AF016E33453B2C /* [CP] Check Pods Manifest.lock */ = {
			isa = PBXShellScriptBuildPhase;
			buildActionMask = 2147483647;
			files = (
			);
			inputFileListPaths = (
			);
			inputPaths = (
				"${PODS_PODFILE_DIR_PATH}/Podfile.lock",
				"${PODS_ROOT}/Manifest.lock",
			);
			name = "[CP] Check Pods Manifest.lock";
			outputFileListPaths = (
			);
			outputPaths = (
				"$(DERIVED_FILE_DIR)/Pods-Reciplease-checkManifestLockResult.txt",
			);
			runOnlyForDeploymentPostprocessing = 0;
			shellPath = /bin/sh;
			shellScript = "diff \"${PODS_PODFILE_DIR_PATH}/Podfile.lock\" \"${PODS_ROOT}/Manifest.lock\" > /dev/null\nif [ $? != 0 ] ; then\n    # print error to STDERR\n    echo \"error: The sandbox is not in sync with the Podfile.lock. Run 'pod install' or update your CocoaPods installation.\" >&2\n    exit 1\nfi\n# This output is used by Xcode 'outputs' to avoid re-running this script phase.\necho \"SUCCESS\" > \"${SCRIPT_OUTPUT_FILE_0}\"\n";
			showEnvVarsInLog = 0;
		};
/* End PBXShellScriptBuildPhase section */

/* Begin PBXSourcesBuildPhase section */
		C14DA62523E039D600AD6D35 /* Sources */ = {
			isa = PBXSourcesBuildPhase;
			buildActionMask = 2147483647;
			files = (
				C1BA408C23E55B5F00F27548 /* Reciplease.xcdatamodeld in Sources */,
				C1BA408823E4771F00F27548 /* RecipeRepository.swift in Sources */,
				C1BA408A23E4773700F27548 /* FavoriteRepository.swift in Sources */,
			);
			runOnlyForDeploymentPostprocessing = 0;
		};
		C17515EF23A7F9050051AEDA /* Sources */ = {
			isa = PBXSourcesBuildPhase;
			buildActionMask = 2147483647;
			files = (
				C1D7B3FD23B64F07003D0CF9 /* FavoriteListViewController.swift in Sources */,
				C13A4A4923D0D0F000A5F82B /* CustomCell.swift in Sources */,
				C17515F723A7F9050051AEDA /* AppDelegate.swift in Sources */,
				C1D7B3F923B5F317003D0CF9 /* RecipeDetailViewController.swift in Sources */,
				C1781D9A23AD305400092D52 /* RecipesListViewController.swift in Sources */,
				C1781D8E23AA97AD00092D52 /* RecipeRepository.swift in Sources */,
				C17515F923A7F9050051AEDA /* SceneDelegate.swift in Sources */,
				C1D7B42A23B67497003D0CF9 /* FavoriteRepository.swift in Sources */,
				C1D7B3FB23B617A5003D0CF9 /* RecipeDirectionsViewController.swift in Sources */,
				C14DA62423DF203800AD6D35 /* Constants.swift in Sources */,
				C1D7B42D23B67AF1003D0CF9 /* Reciplease.xcdatamodeld in Sources */,
				C1781D8C23A9629A00092D52 /* SearchScreenViewController.swift in Sources */,
			);
			runOnlyForDeploymentPostprocessing = 0;
		};
/* End PBXSourcesBuildPhase section */

/* Begin PBXTargetDependency section */
		C14DA62F23E039D700AD6D35 /* PBXTargetDependency */ = {
			isa = PBXTargetDependency;
			target = C17515F223A7F9050051AEDA /* Reciplease */;
			targetProxy = C14DA62E23E039D700AD6D35 /* PBXContainerItemProxy */;
		};
/* End PBXTargetDependency section */

/* Begin PBXVariantGroup section */
		C17515FC23A7F9050051AEDA /* Main.storyboard */ = {
			isa = PBXVariantGroup;
			children = (
				C17515FD23A7F9050051AEDA /* Base */,
			);
			name = Main.storyboard;
			sourceTree = "<group>";
		};
		C175160123A7F9060051AEDA /* LaunchScreen.storyboard */ = {
			isa = PBXVariantGroup;
			children = (
				C175160223A7F9060051AEDA /* Base */,
			);
			name = LaunchScreen.storyboard;
			sourceTree = "<group>";
		};
/* End PBXVariantGroup section */

/* Begin XCBuildConfiguration section */
		C14DA63023E039D700AD6D35 /* Debug */ = {
			isa = XCBuildConfiguration;
			buildSettings = {
				BUNDLE_LOADER = "$(TEST_HOST)";
				CLANG_ENABLE_MODULES = YES;
				CODE_SIGN_STYLE = Automatic;
				DEVELOPMENT_TEAM = 7DBH9F9Z39;
				INFOPLIST_FILE = RecipleaseTests/Info.plist;
				LD_RUNPATH_SEARCH_PATHS = (
					"$(inherited)",
					"@executable_path/Frameworks",
					"@loader_path/Frameworks",
				);
				PRODUCT_BUNDLE_IDENTIFIER = com.dino.RecipleaseTests;
				PRODUCT_NAME = "$(TARGET_NAME)";
				SWIFT_OPTIMIZATION_LEVEL = "-Onone";
				SWIFT_VERSION = 5.0;
				TARGETED_DEVICE_FAMILY = "1,2";
				TEST_HOST = "$(BUILT_PRODUCTS_DIR)/Reciplease.app/Reciplease";
			};
			name = Debug;
		};
		C14DA63123E039D700AD6D35 /* Release */ = {
			isa = XCBuildConfiguration;
			buildSettings = {
				BUNDLE_LOADER = "$(TEST_HOST)";
				CLANG_ENABLE_MODULES = YES;
				CODE_SIGN_STYLE = Automatic;
				DEVELOPMENT_TEAM = 7DBH9F9Z39;
				INFOPLIST_FILE = RecipleaseTests/Info.plist;
				LD_RUNPATH_SEARCH_PATHS = (
					"$(inherited)",
					"@executable_path/Frameworks",
					"@loader_path/Frameworks",
				);
				PRODUCT_BUNDLE_IDENTIFIER = com.dino.RecipleaseTests;
				PRODUCT_NAME = "$(TARGET_NAME)";
				SWIFT_VERSION = 5.0;
				TARGETED_DEVICE_FAMILY = "1,2";
				TEST_HOST = "$(BUILT_PRODUCTS_DIR)/Reciplease.app/Reciplease";
			};
			name = Release;
		};
		C175160523A7F9060051AEDA /* Debug */ = {
			isa = XCBuildConfiguration;
			buildSettings = {
				ALWAYS_SEARCH_USER_PATHS = NO;
				CLANG_ANALYZER_NONNULL = YES;
				CLANG_ANALYZER_NUMBER_OBJECT_CONVERSION = YES_AGGRESSIVE;
				CLANG_CXX_LANGUAGE_STANDARD = "gnu++14";
				CLANG_CXX_LIBRARY = "libc++";
				CLANG_ENABLE_MODULES = YES;
				CLANG_ENABLE_OBJC_ARC = YES;
				CLANG_ENABLE_OBJC_WEAK = YES;
				CLANG_WARN_BLOCK_CAPTURE_AUTORELEASING = YES;
				CLANG_WARN_BOOL_CONVERSION = YES;
				CLANG_WARN_COMMA = YES;
				CLANG_WARN_CONSTANT_CONVERSION = YES;
				CLANG_WARN_DEPRECATED_OBJC_IMPLEMENTATIONS = YES;
				CLANG_WARN_DIRECT_OBJC_ISA_USAGE = YES_ERROR;
				CLANG_WARN_DOCUMENTATION_COMMENTS = YES;
				CLANG_WARN_EMPTY_BODY = YES;
				CLANG_WARN_ENUM_CONVERSION = YES;
				CLANG_WARN_INFINITE_RECURSION = YES;
				CLANG_WARN_INT_CONVERSION = YES;
				CLANG_WARN_NON_LITERAL_NULL_CONVERSION = YES;
				CLANG_WARN_OBJC_IMPLICIT_RETAIN_SELF = YES;
				CLANG_WARN_OBJC_LITERAL_CONVERSION = YES;
				CLANG_WARN_OBJC_ROOT_CLASS = YES_ERROR;
				CLANG_WARN_RANGE_LOOP_ANALYSIS = YES;
				CLANG_WARN_STRICT_PROTOTYPES = YES;
				CLANG_WARN_SUSPICIOUS_MOVE = YES;
				CLANG_WARN_UNGUARDED_AVAILABILITY = YES_AGGRESSIVE;
				CLANG_WARN_UNREACHABLE_CODE = YES;
				CLANG_WARN__DUPLICATE_METHOD_MATCH = YES;
				COPY_PHASE_STRIP = NO;
				DEBUG_INFORMATION_FORMAT = dwarf;
				ENABLE_STRICT_OBJC_MSGSEND = YES;
				ENABLE_TESTABILITY = YES;
				GCC_C_LANGUAGE_STANDARD = gnu11;
				GCC_DYNAMIC_NO_PIC = NO;
				GCC_NO_COMMON_BLOCKS = YES;
				GCC_OPTIMIZATION_LEVEL = 0;
				GCC_PREPROCESSOR_DEFINITIONS = (
					"DEBUG=1",
					"$(inherited)",
				);
				GCC_WARN_64_TO_32_BIT_CONVERSION = YES;
				GCC_WARN_ABOUT_RETURN_TYPE = YES_ERROR;
				GCC_WARN_UNDECLARED_SELECTOR = YES;
				GCC_WARN_UNINITIALIZED_AUTOS = YES_AGGRESSIVE;
				GCC_WARN_UNUSED_FUNCTION = YES;
				GCC_WARN_UNUSED_VARIABLE = YES;
				IPHONEOS_DEPLOYMENT_TARGET = 13.2;
				MTL_ENABLE_DEBUG_INFO = INCLUDE_SOURCE;
				MTL_FAST_MATH = YES;
				ONLY_ACTIVE_ARCH = YES;
				SDKROOT = iphoneos;
				SWIFT_ACTIVE_COMPILATION_CONDITIONS = DEBUG;
				SWIFT_OPTIMIZATION_LEVEL = "-Onone";
			};
			name = Debug;
		};
		C175160623A7F9060051AEDA /* Release */ = {
			isa = XCBuildConfiguration;
			buildSettings = {
				ALWAYS_SEARCH_USER_PATHS = NO;
				CLANG_ANALYZER_NONNULL = YES;
				CLANG_ANALYZER_NUMBER_OBJECT_CONVERSION = YES_AGGRESSIVE;
				CLANG_CXX_LANGUAGE_STANDARD = "gnu++14";
				CLANG_CXX_LIBRARY = "libc++";
				CLANG_ENABLE_MODULES = YES;
				CLANG_ENABLE_OBJC_ARC = YES;
				CLANG_ENABLE_OBJC_WEAK = YES;
				CLANG_WARN_BLOCK_CAPTURE_AUTORELEASING = YES;
				CLANG_WARN_BOOL_CONVERSION = YES;
				CLANG_WARN_COMMA = YES;
				CLANG_WARN_CONSTANT_CONVERSION = YES;
				CLANG_WARN_DEPRECATED_OBJC_IMPLEMENTATIONS = YES;
				CLANG_WARN_DIRECT_OBJC_ISA_USAGE = YES_ERROR;
				CLANG_WARN_DOCUMENTATION_COMMENTS = YES;
				CLANG_WARN_EMPTY_BODY = YES;
				CLANG_WARN_ENUM_CONVERSION = YES;
				CLANG_WARN_INFINITE_RECURSION = YES;
				CLANG_WARN_INT_CONVERSION = YES;
				CLANG_WARN_NON_LITERAL_NULL_CONVERSION = YES;
				CLANG_WARN_OBJC_IMPLICIT_RETAIN_SELF = YES;
				CLANG_WARN_OBJC_LITERAL_CONVERSION = YES;
				CLANG_WARN_OBJC_ROOT_CLASS = YES_ERROR;
				CLANG_WARN_RANGE_LOOP_ANALYSIS = YES;
				CLANG_WARN_STRICT_PROTOTYPES = YES;
				CLANG_WARN_SUSPICIOUS_MOVE = YES;
				CLANG_WARN_UNGUARDED_AVAILABILITY = YES_AGGRESSIVE;
				CLANG_WARN_UNREACHABLE_CODE = YES;
				CLANG_WARN__DUPLICATE_METHOD_MATCH = YES;
				COPY_PHASE_STRIP = NO;
				DEBUG_INFORMATION_FORMAT = "dwarf-with-dsym";
				ENABLE_NS_ASSERTIONS = NO;
				ENABLE_STRICT_OBJC_MSGSEND = YES;
				GCC_C_LANGUAGE_STANDARD = gnu11;
				GCC_NO_COMMON_BLOCKS = YES;
				GCC_WARN_64_TO_32_BIT_CONVERSION = YES;
				GCC_WARN_ABOUT_RETURN_TYPE = YES_ERROR;
				GCC_WARN_UNDECLARED_SELECTOR = YES;
				GCC_WARN_UNINITIALIZED_AUTOS = YES_AGGRESSIVE;
				GCC_WARN_UNUSED_FUNCTION = YES;
				GCC_WARN_UNUSED_VARIABLE = YES;
				IPHONEOS_DEPLOYMENT_TARGET = 13.2;
				MTL_ENABLE_DEBUG_INFO = NO;
				MTL_FAST_MATH = YES;
				SDKROOT = iphoneos;
				SWIFT_COMPILATION_MODE = wholemodule;
				SWIFT_OPTIMIZATION_LEVEL = "-O";
				VALIDATE_PRODUCT = YES;
			};
			name = Release;
		};
		C175160823A7F9060051AEDA /* Debug */ = {
			isa = XCBuildConfiguration;
			baseConfigurationReference = 8704CE45E0A9F261B2639E06 /* Pods-Reciplease.debug.xcconfig */;
			buildSettings = {
				ASSETCATALOG_COMPILER_APPICON_NAME = AppIcon;
				CODE_SIGN_STYLE = Automatic;
				DEVELOPMENT_TEAM = 7DBH9F9Z39;
				INFOPLIST_FILE = "$(SRCROOT)/Reciplease/Supporting Files/Info.plist";
				LD_RUNPATH_SEARCH_PATHS = (
					"$(inherited)",
					"@executable_path/Frameworks",
				);
				PRODUCT_BUNDLE_IDENTIFIER = com.dino.Reciplease;
				PRODUCT_NAME = "$(TARGET_NAME)";
				SWIFT_VERSION = 5.0;
				TARGETED_DEVICE_FAMILY = "1,2";
			};
			name = Debug;
		};
		C175160923A7F9060051AEDA /* Release */ = {
			isa = XCBuildConfiguration;
			baseConfigurationReference = 2AFC17F1E22684C159F62E0B /* Pods-Reciplease.release.xcconfig */;
			buildSettings = {
				ASSETCATALOG_COMPILER_APPICON_NAME = AppIcon;
				CODE_SIGN_STYLE = Automatic;
				DEVELOPMENT_TEAM = 7DBH9F9Z39;
				INFOPLIST_FILE = "$(SRCROOT)/Reciplease/Supporting Files/Info.plist";
				LD_RUNPATH_SEARCH_PATHS = (
					"$(inherited)",
					"@executable_path/Frameworks",
				);
				PRODUCT_BUNDLE_IDENTIFIER = com.dino.Reciplease;
				PRODUCT_NAME = "$(TARGET_NAME)";
				SWIFT_VERSION = 5.0;
				TARGETED_DEVICE_FAMILY = "1,2";
			};
			name = Release;
		};
/* End XCBuildConfiguration section */

/* Begin XCConfigurationList section */
		C14DA63223E039D700AD6D35 /* Build configuration list for PBXNativeTarget "RecipleaseTests" */ = {
			isa = XCConfigurationList;
			buildConfigurations = (
				C14DA63023E039D700AD6D35 /* Debug */,
				C14DA63123E039D700AD6D35 /* Release */,
			);
			defaultConfigurationIsVisible = 0;
			defaultConfigurationName = Release;
		};
		C17515EE23A7F9050051AEDA /* Build configuration list for PBXProject "Reciplease" */ = {
			isa = XCConfigurationList;
			buildConfigurations = (
				C175160523A7F9060051AEDA /* Debug */,
				C175160623A7F9060051AEDA /* Release */,
			);
			defaultConfigurationIsVisible = 0;
			defaultConfigurationName = Release;
		};
		C175160723A7F9060051AEDA /* Build configuration list for PBXNativeTarget "Reciplease" */ = {
			isa = XCConfigurationList;
			buildConfigurations = (
				C175160823A7F9060051AEDA /* Debug */,
				C175160923A7F9060051AEDA /* Release */,
			);
			defaultConfigurationIsVisible = 0;
			defaultConfigurationName = Release;
		};
/* End XCConfigurationList section */

/* Begin XCVersionGroup section */
		C1D7B42B23B67AF1003D0CF9 /* Reciplease.xcdatamodeld */ = {
			isa = XCVersionGroup;
			children = (
				C1D7B42C23B67AF1003D0CF9 /* Reciplease.xcdatamodel */,
			);
			currentVersion = C1D7B42C23B67AF1003D0CF9 /* Reciplease.xcdatamodel */;
			path = Reciplease.xcdatamodeld;
			sourceTree = "<group>";
			versionGroupType = wrapper.xcdatamodel;
		};
/* End XCVersionGroup section */
	};
	rootObject = C17515EB23A7F9050051AEDA /* Project object */;
}
